
Microsoft Visual Studio Solution File, Format Version 12.00
# Visual Studio Version 17
VisualStudioVersion = 17.5.33530.505
MinimumVisualStudioVersion = 10.0.40219.1
Project("{9A19103F-16F7-4668-BE54-9A1E7A4F7556}") = "ChessboardGame", "ChessboardGame\ChessboardGame.csproj", "{426FB0F9-A836-46DF-B407-EEF37E9ECF8D}"
EndProject
Project("{9A19103F-16F7-4668-BE54-9A1E7A4F7556}") = "ChessboardGameApp", "ChessboardGameApp\ChessboardGameApp.csproj", "{51ED0617-3531-431B-87CF-4B28376A2AB7}"
EndProject
Project("{FAE04EC0-301F-11D3-BF4B-00C04F79EFBC}") = "ChessboardGameTests", "ChessboardGameTests\ChessboardGameTests.csproj", "{D103F71E-C3A2-47DA-AA79-3347410EFD9F}"
EndProject
Global
	GlobalSection(SolutionConfigurationPlatforms) = preSolution
		Debug|Any CPU = Debug|Any CPU
		Release|Any CPU = Release|Any CPU
	EndGlobalSection
	GlobalSection(ProjectConfigurationPlatforms) = postSolution
		{426FB0F9-A836-46DF-B407-EEF37E9ECF8D}.Debug|Any CPU.ActiveCfg = Debug|Any CPU
		{426FB0F9-A836-46DF-B407-EEF37E9ECF8D}.Debug|Any CPU.Build.0 = Debug|Any CPU
		{426FB0F9-A836-46DF-B407-EEF37E9ECF8D}.Release|Any CPU.ActiveCfg = Release|Any CPU
		{426FB0F9-A836-46DF-B407-EEF37E9ECF8D}.Release|Any CPU.Build.0 = Release|Any CPU
		{51ED0617-3531-431B-87CF-4B28376A2AB7}.Debug|Any CPU.ActiveCfg = Debug|Any CPU
		{51ED0617-3531-431B-87CF-4B28376A2AB7}.Debug|Any CPU.Build.0 = Debug|Any CPU
		{51ED0617-3531-431B-87CF-4B28376A2AB7}.Release|Any CPU.ActiveCfg = Release|Any CPU
		{51ED0617-3531-431B-87CF-4B28376A2AB7}.Release|Any CPU.Build.0 = Release|Any CPU
		{D103F71E-C3A2-47DA-AA79-3347410EFD9F}.Debug|Any CPU.ActiveCfg = Debug|Any CPU
		{D103F71E-C3A2-47DA-AA79-3347410EFD9F}.Debug|Any CPU.Build.0 = Debug|Any CPU
		{D103F71E-C3A2-47DA-AA79-3347410EFD9F}.Release|Any CPU.ActiveCfg = Release|Any CPU
		{D103F71E-C3A2-47DA-AA79-3347410EFD9F}.Release|Any CPU.Build.0 = Release|Any CPU
	EndGlobalSection
	GlobalSection(SolutionProperties) = preSolution
		HideSolutionNode = FALSE
	EndGlobalSection
	GlobalSection(ExtensibilityGlobals) = postSolution
		SolutionGuid = {1B06F0B5-4D4F-4FC3-8465-64DB1BEA8130}
	EndGlobalSection
EndGlobal
